{
  "originHash" : "d0e93351e2facd2b93646c9dcf76b019bdc5cacf68ae3ae395e010ee4057daaf",
  "pins" : [
    {
      "identity" : "matft",
      "kind" : "remoteSourceControl",
      "location" : "https://github.com/jjjkkkjjj/Matft.git",
      "state" : {
        "branch" : "master",
        "revision" : "d70047a436c1ab00707019d1b3e03bc8e63eba25"
      }
    },
    {
      "identity" : "swift-collections",
      "kind" : "remoteSourceControl",
      "location" : "https://github.com/apple/swift-collections.git",
      "state" : {
        "revision" : "671108c96644956dddcd89dd59c203dcdb36cec7",
        "version" : "1.1.4"
      }
    }
  ],
  "version" : 3
}
