// !$*UTF8*$!
{
	archiveVersion = 1;
	classes = {
	};
	objectVersion = 77;
	objects = {

/* Begin PBXBuildFile section */
		FA37FF6D2D6B8850008D3E52 /* Matft in Frameworks */ = {isa = PBXBuildFile; productRef = FA37FF6C2D6B8850008D3E52 /* Matft */; };
		FA37FF742D6CC85E008D3E52 /* Matft in Frameworks */ = {isa = PBXBuildFile; productRef = FA37FF732D6CC85E008D3E52 /* Matft */; };
		FAB92F732D6A8247005B7645 /* WidgetKit.framework in Frameworks */ = {isa = PBXBuildFile; fileRef = FAB92F722D6A8247005B7645 /* WidgetKit.framework */; };
		FAB92F752D6A8247005B7645 /* SwiftUI.framework in Frameworks */ = {isa = PBXBuildFile; fileRef = FAB92F742D6A8247005B7645 /* SwiftUI.framework */; };
		FAB92F822D6A8247005B7645 /* CompetitionExtension.appex in Embed Foundation Extensions */ = {isa = PBXBuildFile; fileRef = FAB92F702D6A8247005B7645 /* CompetitionExtension.appex */; settings = {ATTRIBUTES = (RemoveHeadersOnCopy, ); }; };
/* End PBXBuildFile section */

/* Begin PBXContainerItemProxy section */
		FAB92F802D6A8247005B7645 /* PBXContainerItemProxy */ = {
			isa = PBXContainerItemProxy;
			containerPortal = FAB92F532D6A81F5005B7645 /* Project object */;
			proxyType = 1;
			remoteGlobalIDString = FAB92F6F2D6A8247005B7645;
			remoteInfo = CompetitionExtension;
		};
/* End PBXContainerItemProxy section */

/* Begin PBXCopyFilesBuildPhase section */
		FAB92F872D6A8247005B7645 /* Embed Foundation Extensions */ = {
			isa = PBXCopyFilesBuildPhase;
			buildActionMask = 2147483647;
			dstPath = "";
			dstSubfolderSpec = 13;
			files = (
				FAB92F822D6A8247005B7645 /* CompetitionExtension.appex in Embed Foundation Extensions */,
			);
			name = "Embed Foundation Extensions";
			runOnlyForDeploymentPostprocessing = 0;
		};
/* End PBXCopyFilesBuildPhase section */

/* Begin PBXFileReference section */
		FAB92F5B2D6A81F5005B7645 /* EchoPulse.app */ = {isa = PBXFileReference; explicitFileType = wrapper.application; includeInIndex = 0; path = EchoPulse.app; sourceTree = BUILT_PRODUCTS_DIR; };
		FAB92F702D6A8247005B7645 /* CompetitionExtension.appex */ = {isa = PBXFileReference; explicitFileType = "wrapper.app-extension"; includeInIndex = 0; path = CompetitionExtension.appex; sourceTree = BUILT_PRODUCTS_DIR; };
		FAB92F722D6A8247005B7645 /* WidgetKit.framework */ = {isa = PBXFileReference; lastKnownFileType = wrapper.framework; name = WidgetKit.framework; path = System/Library/Frameworks/WidgetKit.framework; sourceTree = SDKROOT; };
		FAB92F742D6A8247005B7645 /* SwiftUI.framework */ = {isa = PBXFileReference; lastKnownFileType = wrapper.framework; name = SwiftUI.framework; path = System/Library/Frameworks/SwiftUI.framework; sourceTree = SDKROOT; };
/* End PBXFileReference section */

/* Begin PBXFileSystemSynchronizedBuildFileExceptionSet section */
		FA37FF722D6CC828008D3E52 /* Exceptions for "EchoPulse" folder in "CompetitionExtension" target */ = {
			isa = PBXFileSystemSynchronizedBuildFileExceptionSet;
			membershipExceptions = (
				RoboScoutAPI.swift,
				UserSettings.swift,
			);
			target = FAB92F6F2D6A8247005B7645 /* CompetitionExtension */;
		};
		FA5CC1472D6D322C007A6BB8 /* Exceptions for "EchoPulse" folder in "EchoPulse" target */ = {
			isa = PBXFileSystemSynchronizedBuildFileExceptionSet;
			membershipExceptions = (
				Info.plist,
			);
			target = FAB92F5A2D6A81F5005B7645 /* EchoPulse */;
		};
		FAB92F832D6A8247005B7645 /* Exceptions for "Competition" folder in "CompetitionExtension" target */ = {
			isa = PBXFileSystemSynchronizedBuildFileExceptionSet;
			membershipExceptions = (
				Info.plist,
			);
			target = FAB92F6F2D6A8247005B7645 /* CompetitionExtension */;
		};
		FAB92F892D6A8334005B7645 /* Exceptions for "Competition" folder in "EchoPulse" target */ = {
			isa = PBXFileSystemSynchronizedBuildFileExceptionSet;
			membershipExceptions = (
				CompetitionAttributes.swift,
				CompetitionLiveActivity.swift,
				Views/DetailedView.swift,
				Views/FullDetailedView.swift,
				Views/MatchView.swift,
				Views/MinimalMatchView.swift,
				Views/Ranking.swift,
				Views/SmallMatchView.swift,
			);
			target = FAB92F5A2D6A81F5005B7645 /* EchoPulse */;
		};
/* End PBXFileSystemSynchronizedBuildFileExceptionSet section */

/* Begin PBXFileSystemSynchronizedRootGroup section */
		FAB92F5D2D6A81F5005B7645 /* EchoPulse */ = {
			isa = PBXFileSystemSynchronizedRootGroup;
			exceptions = (
				FA5CC1472D6D322C007A6BB8 /* Exceptions for "EchoPulse" folder in "EchoPulse" target */,
				FA37FF722D6CC828008D3E52 /* Exceptions for "EchoPulse" folder in "CompetitionExtension" target */,
			);
			path = EchoPulse;
			sourceTree = "<group>";
		};
		FAB92F762D6A8247005B7645 /* Competition */ = {
			isa = PBXFileSystemSynchronizedRootGroup;
			exceptions = (
				FAB92F892D6A8334005B7645 /* Exceptions for "Competition" folder in "EchoPulse" target */,
				FAB92F832D6A8247005B7645 /* Exceptions for "Competition" folder in "CompetitionExtension" target */,
			);
			path = Competition;
			sourceTree = "<group>";
		};
/* End PBXFileSystemSynchronizedRootGroup section */

/* Begin PBXFrameworksBuildPhase section */
		FAB92F582D6A81F5005B7645 /* Frameworks */ = {
			isa = PBXFrameworksBuildPhase;
			buildActionMask = 2147483647;
			files = (
				FA37FF6D2D6B8850008D3E52 /* Matft in Frameworks */,
			);
			runOnlyForDeploymentPostprocessing = 0;
		};
		FAB92F6D2D6A8247005B7645 /* Frameworks */ = {
			isa = PBXFrameworksBuildPhase;
			buildActionMask = 2147483647;
			files = (
				FA37FF742D6CC85E008D3E52 /* Matft in Frameworks */,
				FAB92F752D6A8247005B7645 /* SwiftUI.framework in Frameworks */,
				FAB92F732D6A8247005B7645 /* WidgetKit.framework in Frameworks */,
			);
			runOnlyForDeploymentPostprocessing = 0;
		};
/* End PBXFrameworksBuildPhase section */

/* Begin PBXGroup section */
		FAB92F522D6A81F5005B7645 = {
			isa = PBXGroup;
			children = (
				FAB92F5D2D6A81F5005B7645 /* EchoPulse */,
				FAB92F762D6A8247005B7645 /* Competition */,
				FAB92F712D6A8247005B7645 /* Frameworks */,
				FAB92F5C2D6A81F5005B7645 /* Products */,
			);
			sourceTree = "<group>";
		};
		FAB92F5C2D6A81F5005B7645 /* Products */ = {
			isa = PBXGroup;
			children = (
				FAB92F5B2D6A81F5005B7645 /* EchoPulse.app */,
				FAB92F702D6A8247005B7645 /* CompetitionExtension.appex */,
			);
			name = Products;
			sourceTree = "<group>";
		};
		FAB92F712D6A8247005B7645 /* Frameworks */ = {
			isa = PBXGroup;
			children = (
				FAB92F722D6A8247005B7645 /* WidgetKit.framework */,
				FAB92F742D6A8247005B7645 /* SwiftUI.framework */,
			);
			name = Frameworks;
			sourceTree = "<group>";
		};
/* End PBXGroup section */

/* Begin PBXNativeTarget section */
		FAB92F5A2D6A81F5005B7645 /* EchoPulse */ = {
			isa = PBXNativeTarget;
			buildConfigurationList = FAB92F692D6A81F6005B7645 /* Build configuration list for PBXNativeTarget "EchoPulse" */;
			buildPhases = (
				FAB92F572D6A81F5005B7645 /* Sources */,
				FAB92F582D6A81F5005B7645 /* Frameworks */,
				FAB92F592D6A81F5005B7645 /* Resources */,
				FAB92F872D6A8247005B7645 /* Embed Foundation Extensions */,
			);
			buildRules = (
			);
			dependencies = (
				FAB92F812D6A8247005B7645 /* PBXTargetDependency */,
			);
			fileSystemSynchronizedGroups = (
				FAB92F5D2D6A81F5005B7645 /* EchoPulse */,
			);
			name = EchoPulse;
			packageProductDependencies = (
				FA37FF6C2D6B8850008D3E52 /* Matft */,
			);
			productName = EchoPulse;
			productReference = FAB92F5B2D6A81F5005B7645 /* EchoPulse.app */;
			productType = "com.apple.product-type.application";
		};
		FAB92F6F2D6A8247005B7645 /* CompetitionExtension */ = {
			isa = PBXNativeTarget;
			buildConfigurationList = FAB92F842D6A8247005B7645 /* Build configuration list for PBXNativeTarget "CompetitionExtension" */;
			buildPhases = (
				FAB92F6C2D6A8247005B7645 /* Sources */,
				FAB92F6D2D6A8247005B7645 /* Frameworks */,
				FAB92F6E2D6A8247005B7645 /* Resources */,
			);
			buildRules = (
			);
			dependencies = (
			);
			fileSystemSynchronizedGroups = (
				FAB92F762D6A8247005B7645 /* Competition */,
			);
			name = CompetitionExtension;
			packageProductDependencies = (
				FA37FF732D6CC85E008D3E52 /* Matft */,
			);
			productName = CompetitionExtension;
			productReference = FAB92F702D6A8247005B7645 /* CompetitionExtension.appex */;
			productType = "com.apple.product-type.app-extension";
		};
/* End PBXNativeTarget section */

/* Begin PBXProject section */
		FAB92F532D6A81F5005B7645 /* Project object */ = {
			isa = PBXProject;
			attributes = {
				BuildIndependentTargetsInParallel = 1;
				LastSwiftUpdateCheck = 1620;
				LastUpgradeCheck = 1620;
				TargetAttributes = {
					FAB92F5A2D6A81F5005B7645 = {
						CreatedOnToolsVersion = 16.2;
					};
					FAB92F6F2D6A8247005B7645 = {
						CreatedOnToolsVersion = 16.2;
					};
				};
			};
			buildConfigurationList = FAB92F562D6A81F5005B7645 /* Build configuration list for PBXProject "EchoPulse" */;
			developmentRegion = en;
			hasScannedForEncodings = 0;
			knownRegions = (
				en,
				Base,
			);
			mainGroup = FAB92F522D6A81F5005B7645;
			minimizedProjectReferenceProxies = 1;
			packageReferences = (
				FA37FF6B2D6B8840008D3E52 /* XCRemoteSwiftPackageReference "Matft" */,
			);
			preferredProjectObjectVersion = 77;
			productRefGroup = FAB92F5C2D6A81F5005B7645 /* Products */;
			projectDirPath = "";
			projectRoot = "";
			targets = (
				FAB92F5A2D6A81F5005B7645 /* EchoPulse */,
				FAB92F6F2D6A8247005B7645 /* CompetitionExtension */,
			);
		};
/* End PBXProject section */

/* Begin PBXResourcesBuildPhase section */
		FAB92F592D6A81F5005B7645 /* Resources */ = {
			isa = PBXResourcesBuildPhase;
			buildActionMask = 2147483647;
			files = (
			);
			runOnlyForDeploymentPostprocessing = 0;
		};
		FAB92F6E2D6A8247005B7645 /* Resources */ = {
			isa = PBXResourcesBuildPhase;
			buildActionMask = 2147483647;
			files = (
			);
			runOnlyForDeploymentPostprocessing = 0;
		};
/* End PBXResourcesBuildPhase section */

/* Begin PBXSourcesBuildPhase section */
		FAB92F572D6A81F5005B7645 /* Sources */ = {
			isa = PBXSourcesBuildPhase;
			buildActionMask = 2147483647;
			files = (
			);
			runOnlyForDeploymentPostprocessing = 0;
		};
		FAB92F6C2D6A8247005B7645 /* Sources */ = {
			isa = PBXSourcesBuildPhase;
			buildActionMask = 2147483647;
			files = (
			);
			runOnlyForDeploymentPostprocessing = 0;
		};
/* End PBXSourcesBuildPhase section */

/* Begin PBXTargetDependency section */
		FAB92F812D6A8247005B7645 /* PBXTargetDependency */ = {
			isa = PBXTargetDependency;
			target = FAB92F6F2D6A8247005B7645 /* CompetitionExtension */;
			targetProxy = FAB92F802D6A8247005B7645 /* PBXContainerItemProxy */;
		};
/* End PBXTargetDependency section */

/* Begin XCBuildConfiguration section */
		FAB92F672D6A81F6005B7645 /* Debug */ = {
			isa = XCBuildConfiguration;
			buildSettings = {
				ALWAYS_SEARCH_USER_PATHS = NO;
				ASSETCATALOG_COMPILER_GENERATE_SWIFT_ASSET_SYMBOL_EXTENSIONS = YES;
				CLANG_ANALYZER_NONNULL = YES;
				CLANG_ANALYZER_NUMBER_OBJECT_CONVERSION = YES_AGGRESSIVE;
				CLANG_CXX_LANGUAGE_STANDARD = "gnu++20";
				CLANG_ENABLE_MODULES = YES;
				CLANG_ENABLE_OBJC_ARC = YES;
				CLANG_ENABLE_OBJC_WEAK = YES;
				CLANG_WARN_BLOCK_CAPTURE_AUTORELEASING = YES;
				CLANG_WARN_BOOL_CONVERSION = YES;
				CLANG_WARN_COMMA = YES;
				CLANG_WARN_CONSTANT_CONVERSION = YES;
				CLANG_WARN_DEPRECATED_OBJC_IMPLEMENTATIONS = YES;
				CLANG_WARN_DIRECT_OBJC_ISA_USAGE = YES_ERROR;
				CLANG_WARN_DOCUMENTATION_COMMENTS = YES;
				CLANG_WARN_EMPTY_BODY = YES;
				CLANG_WARN_ENUM_CONVERSION = YES;
				CLANG_WARN_INFINITE_RECURSION = YES;
				CLANG_WARN_INT_CONVERSION = YES;
				CLANG_WARN_NON_LITERAL_NULL_CONVERSION = YES;
				CLANG_WARN_OBJC_IMPLICIT_RETAIN_SELF = YES;
				CLANG_WARN_OBJC_LITERAL_CONVERSION = YES;
				CLANG_WARN_OBJC_ROOT_CLASS = YES_ERROR;
				CLANG_WARN_QUOTED_INCLUDE_IN_FRAMEWORK_HEADER = YES;
				CLANG_WARN_RANGE_LOOP_ANALYSIS = YES;
				CLANG_WARN_STRICT_PROTOTYPES = YES;
				CLANG_WARN_SUSPICIOUS_MOVE = YES;
				CLANG_WARN_UNGUARDED_AVAILABILITY = YES_AGGRESSIVE;
				CLANG_WARN_UNREACHABLE_CODE = YES;
				CLANG_WARN__DUPLICATE_METHOD_MATCH = YES;
				COPY_PHASE_STRIP = NO;
				DEBUG_INFORMATION_FORMAT = dwarf;
				ENABLE_STRICT_OBJC_MSGSEND = YES;
				ENABLE_TESTABILITY = YES;
				ENABLE_USER_SCRIPT_SANDBOXING = YES;
				GCC_C_LANGUAGE_STANDARD = gnu17;
				GCC_DYNAMIC_NO_PIC = NO;
				GCC_NO_COMMON_BLOCKS = YES;
				GCC_OPTIMIZATION_LEVEL = 0;
				GCC_PREPROCESSOR_DEFINITIONS = (
					"DEBUG=1",
					"$(inherited)",
				);
				GCC_WARN_64_TO_32_BIT_CONVERSION = YES;
				GCC_WARN_ABOUT_RETURN_TYPE = YES_ERROR;
				GCC_WARN_UNDECLARED_SELECTOR = YES;
				GCC_WARN_UNINITIALIZED_AUTOS = YES_AGGRESSIVE;
				GCC_WARN_UNUSED_FUNCTION = YES;
				GCC_WARN_UNUSED_VARIABLE = YES;
				IPHONEOS_DEPLOYMENT_TARGET = 18.0;
				LOCALIZATION_PREFERS_STRING_CATALOGS = YES;
				MTL_ENABLE_DEBUG_INFO = INCLUDE_SOURCE;
				MTL_FAST_MATH = YES;
				ONLY_ACTIVE_ARCH = YES;
				SDKROOT = iphoneos;
				SWIFT_ACTIVE_COMPILATION_CONDITIONS = "DEBUG $(inherited)";
				SWIFT_OPTIMIZATION_LEVEL = "-Onone";
			};
			name = Debug;
		};
		FAB92F682D6A81F6005B7645 /* Release */ = {
			isa = XCBuildConfiguration;
			buildSettings = {
				ALWAYS_SEARCH_USER_PATHS = NO;
				ASSETCATALOG_COMPILER_GENERATE_SWIFT_ASSET_SYMBOL_EXTENSIONS = YES;
				CLANG_ANALYZER_NONNULL = YES;
				CLANG_ANALYZER_NUMBER_OBJECT_CONVERSION = YES_AGGRESSIVE;
				CLANG_CXX_LANGUAGE_STANDARD = "gnu++20";
				CLANG_ENABLE_MODULES = YES;
				CLANG_ENABLE_OBJC_ARC = YES;
				CLANG_ENABLE_OBJC_WEAK = YES;
				CLANG_WARN_BLOCK_CAPTURE_AUTORELEASING = YES;
				CLANG_WARN_BOOL_CONVERSION = YES;
				CLANG_WARN_COMMA = YES;
				CLANG_WARN_CONSTANT_CONVERSION = YES;
				CLANG_WARN_DEPRECATED_OBJC_IMPLEMENTATIONS = YES;
				CLANG_WARN_DIRECT_OBJC_ISA_USAGE = YES_ERROR;
				CLANG_WARN_DOCUMENTATION_COMMENTS = YES;
				CLANG_WARN_EMPTY_BODY = YES;
				CLANG_WARN_ENUM_CONVERSION = YES;
				CLANG_WARN_INFINITE_RECURSION = YES;
				CLANG_WARN_INT_CONVERSION = YES;
				CLANG_WARN_NON_LITERAL_NULL_CONVERSION = YES;
				CLANG_WARN_OBJC_IMPLICIT_RETAIN_SELF = YES;
				CLANG_WARN_OBJC_LITERAL_CONVERSION = YES;
				CLANG_WARN_OBJC_ROOT_CLASS = YES_ERROR;
				CLANG_WARN_QUOTED_INCLUDE_IN_FRAMEWORK_HEADER = YES;
				CLANG_WARN_RANGE_LOOP_ANALYSIS = YES;
				CLANG_WARN_STRICT_PROTOTYPES = YES;
				CLANG_WARN_SUSPICIOUS_MOVE = YES;
				CLANG_WARN_UNGUARDED_AVAILABILITY = YES_AGGRESSIVE;
				CLANG_WARN_UNREACHABLE_CODE = YES;
				CLANG_WARN__DUPLICATE_METHOD_MATCH = YES;
				COPY_PHASE_STRIP = NO;
				DEBUG_INFORMATION_FORMAT = "dwarf-with-dsym";
				ENABLE_NS_ASSERTIONS = NO;
				ENABLE_STRICT_OBJC_MSGSEND = YES;
				ENABLE_USER_SCRIPT_SANDBOXING = YES;
				GCC_C_LANGUAGE_STANDARD = gnu17;
				GCC_NO_COMMON_BLOCKS = YES;
				GCC_WARN_64_TO_32_BIT_CONVERSION = YES;
				GCC_WARN_ABOUT_RETURN_TYPE = YES_ERROR;
				GCC_WARN_UNDECLARED_SELECTOR = YES;
				GCC_WARN_UNINITIALIZED_AUTOS = YES_AGGRESSIVE;
				GCC_WARN_UNUSED_FUNCTION = YES;
				GCC_WARN_UNUSED_VARIABLE = YES;
				IPHONEOS_DEPLOYMENT_TARGET = 18.0;
				LOCALIZATION_PREFERS_STRING_CATALOGS = YES;
				MTL_ENABLE_DEBUG_INFO = NO;
				MTL_FAST_MATH = YES;
				SDKROOT = iphoneos;
				SWIFT_COMPILATION_MODE = wholemodule;
				VALIDATE_PRODUCT = YES;
			};
			name = Release;
		};
		FAB92F6A2D6A81F6005B7645 /* Debug */ = {
			isa = XCBuildConfiguration;
			buildSettings = {
				ASSETCATALOG_COMPILER_APPICON_NAME = AppIcon;
				ASSETCATALOG_COMPILER_GLOBAL_ACCENT_COLOR_NAME = AccentColor;
				CODE_SIGN_STYLE = Automatic;
				CURRENT_PROJECT_VERSION = 1;
				DEVELOPMENT_ASSET_PATHS = "\"EchoPulse/Preview Content\"";
				DEVELOPMENT_TEAM = NA9G8MDBHJ;
				ENABLE_PREVIEWS = YES;
				GENERATE_INFOPLIST_FILE = YES;
				INFOPLIST_FILE = EchoPulse/Info.plist;
				INFOPLIST_KEY_NSSupportsLiveActivities = YES;
				INFOPLIST_KEY_UIApplicationSceneManifest_Generation = YES;
				INFOPLIST_KEY_UIApplicationSupportsIndirectInputEvents = YES;
				INFOPLIST_KEY_UILaunchScreen_Generation = YES;
				INFOPLIST_KEY_UISupportedInterfaceOrientations = UIInterfaceOrientationPortrait;
				INFOPLIST_KEY_UISupportedInterfaceOrientations_iPad = "UIInterfaceOrientationLandscapeLeft UIInterfaceOrientationLandscapeRight UIInterfaceOrientationPortrait UIInterfaceOrientationPortraitUpsideDown";
				IPHONEOS_DEPLOYMENT_TARGET = 18.0;
				LD_RUNPATH_SEARCH_PATHS = (
					"$(inherited)",
					"@executable_path/Frameworks",
				);
				MARKETING_VERSION = 1.0;
				PRODUCT_BUNDLE_IDENTIFIER = net.dickhans.EchoPulse;
				PRODUCT_NAME = "$(TARGET_NAME)";
				SWIFT_EMIT_LOC_STRINGS = YES;
				SWIFT_VERSION = 5.0;
				TARGETED_DEVICE_FAMILY = "1,2";
			};
			name = Debug;
		};
		FAB92F6B2D6A81F6005B7645 /* Release */ = {
			isa = XCBuildConfiguration;
			buildSettings = {
				ASSETCATALOG_COMPILER_APPICON_NAME = AppIcon;
				ASSETCATALOG_COMPILER_GLOBAL_ACCENT_COLOR_NAME = AccentColor;
				CODE_SIGN_STYLE = Automatic;
				CURRENT_PROJECT_VERSION = 1;
				DEVELOPMENT_ASSET_PATHS = "\"EchoPulse/Preview Content\"";
				DEVELOPMENT_TEAM = NA9G8MDBHJ;
				ENABLE_PREVIEWS = YES;
				GENERATE_INFOPLIST_FILE = YES;
				INFOPLIST_FILE = EchoPulse/Info.plist;
				INFOPLIST_KEY_NSSupportsLiveActivities = YES;
				INFOPLIST_KEY_UIApplicationSceneManifest_Generation = YES;
				INFOPLIST_KEY_UIApplicationSupportsIndirectInputEvents = YES;
				INFOPLIST_KEY_UILaunchScreen_Generation = YES;
				INFOPLIST_KEY_UISupportedInterfaceOrientations = UIInterfaceOrientationPortrait;
				INFOPLIST_KEY_UISupportedInterfaceOrientations_iPad = "UIInterfaceOrientationLandscapeLeft UIInterfaceOrientationLandscapeRight UIInterfaceOrientationPortrait UIInterfaceOrientationPortraitUpsideDown";
				IPHONEOS_DEPLOYMENT_TARGET = 18.0;
				LD_RUNPATH_SEARCH_PATHS = (
					"$(inherited)",
					"@executable_path/Frameworks",
				);
				MARKETING_VERSION = 1.0;
				PRODUCT_BUNDLE_IDENTIFIER = net.dickhans.EchoPulse;
				PRODUCT_NAME = "$(TARGET_NAME)";
				SWIFT_EMIT_LOC_STRINGS = YES;
				SWIFT_VERSION = 5.0;
				TARGETED_DEVICE_FAMILY = "1,2";
			};
			name = Release;
		};
		FAB92F852D6A8247005B7645 /* Debug */ = {
			isa = XCBuildConfiguration;
			buildSettings = {
				ASSETCATALOG_COMPILER_GLOBAL_ACCENT_COLOR_NAME = AccentColor;
				ASSETCATALOG_COMPILER_WIDGET_BACKGROUND_COLOR_NAME = WidgetBackground;
				CODE_SIGN_STYLE = Automatic;
				CURRENT_PROJECT_VERSION = 1;
				DEVELOPMENT_TEAM = NA9G8MDBHJ;
				GENERATE_INFOPLIST_FILE = YES;
				INFOPLIST_FILE = Competition/Info.plist;
				INFOPLIST_KEY_CFBundleDisplayName = Competition;
				INFOPLIST_KEY_NSHumanReadableCopyright = "";
				LD_RUNPATH_SEARCH_PATHS = (
					"$(inherited)",
					"@executable_path/Frameworks",
					"@executable_path/../../Frameworks",
				);
				MARKETING_VERSION = 1.0;
				PRODUCT_BUNDLE_IDENTIFIER = net.dickhans.EchoPulse.Competition;
				PRODUCT_NAME = "$(TARGET_NAME)";
				SKIP_INSTALL = YES;
				SWIFT_EMIT_LOC_STRINGS = YES;
				SWIFT_VERSION = 5.0;
				TARGETED_DEVICE_FAMILY = "1,2";
			};
			name = Debug;
		};
		FAB92F862D6A8247005B7645 /* Release */ = {
			isa = XCBuildConfiguration;
			buildSettings = {
				ASSETCATALOG_COMPILER_GLOBAL_ACCENT_COLOR_NAME = AccentColor;
				ASSETCATALOG_COMPILER_WIDGET_BACKGROUND_COLOR_NAME = WidgetBackground;
				CODE_SIGN_STYLE = Automatic;
				CURRENT_PROJECT_VERSION = 1;
				DEVELOPMENT_TEAM = NA9G8MDBHJ;
				GENERATE_INFOPLIST_FILE = YES;
				INFOPLIST_FILE = Competition/Info.plist;
				INFOPLIST_KEY_CFBundleDisplayName = Competition;
				INFOPLIST_KEY_NSHumanReadableCopyright = "";
				LD_RUNPATH_SEARCH_PATHS = (
					"$(inherited)",
					"@executable_path/Frameworks",
					"@executable_path/../../Frameworks",
				);
				MARKETING_VERSION = 1.0;
				PRODUCT_BUNDLE_IDENTIFIER = net.dickhans.EchoPulse.Competition;
				PRODUCT_NAME = "$(TARGET_NAME)";
				SKIP_INSTALL = YES;
				SWIFT_EMIT_LOC_STRINGS = YES;
				SWIFT_VERSION = 5.0;
				TARGETED_DEVICE_FAMILY = "1,2";
			};
			name = Release;
		};
/* End XCBuildConfiguration section */

/* Begin XCConfigurationList section */
		FAB92F562D6A81F5005B7645 /* Build configuration list for PBXProject "EchoPulse" */ = {
			isa = XCConfigurationList;
			buildConfigurations = (
				FAB92F672D6A81F6005B7645 /* Debug */,
				FAB92F682D6A81F6005B7645 /* Release */,
			);
			defaultConfigurationIsVisible = 0;
			defaultConfigurationName = Release;
		};
		FAB92F692D6A81F6005B7645 /* Build configuration list for PBXNativeTarget "EchoPulse" */ = {
			isa = XCConfigurationList;
			buildConfigurations = (
				FAB92F6A2D6A81F6005B7645 /* Debug */,
				FAB92F6B2D6A81F6005B7645 /* Release */,
			);
			defaultConfigurationIsVisible = 0;
			defaultConfigurationName = Release;
		};
		FAB92F842D6A8247005B7645 /* Build configuration list for PBXNativeTarget "CompetitionExtension" */ = {
			isa = XCConfigurationList;
			buildConfigurations = (
				FAB92F852D6A8247005B7645 /* Debug */,
				FAB92F862D6A8247005B7645 /* Release */,
			);
			defaultConfigurationIsVisible = 0;
			defaultConfigurationName = Release;
		};
/* End XCConfigurationList section */

/* Begin XCRemoteSwiftPackageReference section */
		FA37FF6B2D6B8840008D3E52 /* XCRemoteSwiftPackageReference "Matft" */ = {
			isa = XCRemoteSwiftPackageReference;
			repositoryURL = "https://github.com/jjjkkkjjj/Matft.git";
			requirement = {
				branch = master;
				kind = branch;
			};
		};
/* End XCRemoteSwiftPackageReference section */

/* Begin XCSwiftPackageProductDependency section */
		FA37FF6C2D6B8850008D3E52 /* Matft */ = {
			isa = XCSwiftPackageProductDependency;
			package = FA37FF6B2D6B8840008D3E52 /* XCRemoteSwiftPackageReference "Matft" */;
			productName = Matft;
		};
		FA37FF732D6CC85E008D3E52 /* Matft */ = {
			isa = XCSwiftPackageProductDependency;
			package = FA37FF6B2D6B8840008D3E52 /* XCRemoteSwiftPackageReference "Matft" */;
			productName = Matft;
		};
/* End XCSwiftPackageProductDependency section */
	};
	rootObject = FAB92F532D6A81F5005B7645 /* Project object */;
}
